
Microsoft Visual Studio Solution File, Format Version 12.00
# Visual Studio Version 17
VisualStudioVersion = 17.5.33516.290
MinimumVisualStudioVersion = 10.0.40219.1
Project("{FAE04EC0-301F-11D3-BF4B-00C04F79EFBC}") = "csharp-oop-shop", "csharp-oop-shop\csharp-oop-shop.csproj", "{479BBD84-CEC0-43CF-AE28-177C86AED4BF}"
EndProject
Global
	GlobalSection(SolutionConfigurationPlatforms) = preSolution
		Debug|Any CPU = Debug|Any CPU
		Release|Any CPU = Release|Any CPU
	EndGlobalSection
	GlobalSection(ProjectConfigurationPlatforms) = postSolution
		{479BBD84-CEC0-43CF-AE28-177C86AED4BF}.Debug|Any CPU.ActiveCfg = Debug|Any CPU
		{479BBD84-CEC0-43CF-AE28-177C86AED4BF}.Debug|Any CPU.Build.0 = Debug|Any CPU
		{479BBD84-CEC0-43CF-AE28-177C86AED4BF}.Release|Any CPU.ActiveCfg = Release|Any CPU
		{479BBD84-CEC0-43CF-AE28-177C86AED4BF}.Release|Any CPU.Build.0 = Release|Any CPU
	EndGlobalSection
	GlobalSection(SolutionProperties) = preSolution
		HideSolutionNode = FALSE
	EndGlobalSection
	GlobalSection(ExtensibilityGlobals) = postSolution
		SolutionGuid = {A95050E4-1A0C-4D9B-A1BA-5859B99A9015}
	EndGlobalSection
EndGlobal
